
Microsoft Visual Studio Solution File, Format Version 12.00
# Visual Studio Version 16
VisualStudioVersion = 16.0.30114.105
MinimumVisualStudioVersion = 10.0.40219.1
Project("{FAE04EC0-301F-11D3-BF4B-00C04F79EFBC}") = "Connoisseur.Library", "Connoisseur.Library\Connoisseur.Library.csproj", "{4DF25D7B-B598-4EFF-9777-C97CFAFA24ED}"
EndProject
Project("{FAE04EC0-301F-11D3-BF4B-00C04F79EFBC}") = "Connoisseur", "Connoisseur\Connoisseur.csproj", "{A9CDB0C3-742C-4774-B653-DC308E8640FA}"
EndProject
Project("{FAE04EC0-301F-11D3-BF4B-00C04F79EFBC}") = "Connoisseur.Library.Test", "Connoisseur.Library.Test\Connoisseur.Library.Test.csproj", "{DE60A383-BAF4-45CB-9398-D3F466DF8507}"
EndProject
Global
	GlobalSection(SolutionConfigurationPlatforms) = preSolution
		Debug|Any CPU = Debug|Any CPU
		Debug|x64 = Debug|x64
		Debug|x86 = Debug|x86
		Release|Any CPU = Release|Any CPU
		Release|x64 = Release|x64
		Release|x86 = Release|x86
	EndGlobalSection
	GlobalSection(SolutionProperties) = preSolution
		HideSolutionNode = FALSE
	EndGlobalSection
	GlobalSection(ProjectConfigurationPlatforms) = postSolution
		{4DF25D7B-B598-4EFF-9777-C97CFAFA24ED}.Debug|Any CPU.ActiveCfg = Debug|Any CPU
		{4DF25D7B-B598-4EFF-9777-C97CFAFA24ED}.Debug|Any CPU.Build.0 = Debug|Any CPU
		{4DF25D7B-B598-4EFF-9777-C97CFAFA24ED}.Debug|x64.ActiveCfg = Debug|Any CPU
		{4DF25D7B-B598-4EFF-9777-C97CFAFA24ED}.Debug|x64.Build.0 = Debug|Any CPU
		{4DF25D7B-B598-4EFF-9777-C97CFAFA24ED}.Debug|x86.ActiveCfg = Debug|Any CPU
		{4DF25D7B-B598-4EFF-9777-C97CFAFA24ED}.Debug|x86.Build.0 = Debug|Any CPU
		{4DF25D7B-B598-4EFF-9777-C97CFAFA24ED}.Release|Any CPU.ActiveCfg = Release|Any CPU
		{4DF25D7B-B598-4EFF-9777-C97CFAFA24ED}.Release|Any CPU.Build.0 = Release|Any CPU
		{4DF25D7B-B598-4EFF-9777-C97CFAFA24ED}.Release|x64.ActiveCfg = Release|Any CPU
		{4DF25D7B-B598-4EFF-9777-C97CFAFA24ED}.Release|x64.Build.0 = Release|Any CPU
		{4DF25D7B-B598-4EFF-9777-C97CFAFA24ED}.Release|x86.ActiveCfg = Release|Any CPU
		{4DF25D7B-B598-4EFF-9777-C97CFAFA24ED}.Release|x86.Build.0 = Release|Any CPU
		{A9CDB0C3-742C-4774-B653-DC308E8640FA}.Debug|Any CPU.ActiveCfg = Debug|Any CPU
		{A9CDB0C3-742C-4774-B653-DC308E8640FA}.Debug|Any CPU.Build.0 = Debug|Any CPU
		{A9CDB0C3-742C-4774-B653-DC308E8640FA}.Debug|x64.ActiveCfg = Debug|Any CPU
		{A9CDB0C3-742C-4774-B653-DC308E8640FA}.Debug|x64.Build.0 = Debug|Any CPU
		{A9CDB0C3-742C-4774-B653-DC308E8640FA}.Debug|x86.ActiveCfg = Debug|Any CPU
		{A9CDB0C3-742C-4774-B653-DC308E8640FA}.Debug|x86.Build.0 = Debug|Any CPU
		{A9CDB0C3-742C-4774-B653-DC308E8640FA}.Release|Any CPU.ActiveCfg = Release|Any CPU
		{A9CDB0C3-742C-4774-B653-DC308E8640FA}.Release|Any CPU.Build.0 = Release|Any CPU
		{A9CDB0C3-742C-4774-B653-DC308E8640FA}.Release|x64.ActiveCfg = Release|Any CPU
		{A9CDB0C3-742C-4774-B653-DC308E8640FA}.Release|x64.Build.0 = Release|Any CPU
		{A9CDB0C3-742C-4774-B653-DC308E8640FA}.Release|x86.ActiveCfg = Release|Any CPU
		{A9CDB0C3-742C-4774-B653-DC308E8640FA}.Release|x86.Build.0 = Release|Any CPU
		{DE60A383-BAF4-45CB-9398-D3F466DF8507}.Debug|Any CPU.ActiveCfg = Debug|Any CPU
		{DE60A383-BAF4-45CB-9398-D3F466DF8507}.Debug|Any CPU.Build.0 = Debug|Any CPU
		{DE60A383-BAF4-45CB-9398-D3F466DF8507}.Debug|x64.ActiveCfg = Debug|Any CPU
		{DE60A383-BAF4-45CB-9398-D3F466DF8507}.Debug|x64.Build.0 = Debug|Any CPU
		{DE60A383-BAF4-45CB-9398-D3F466DF8507}.Debug|x86.ActiveCfg = Debug|Any CPU
		{DE60A383-BAF4-45CB-9398-D3F466DF8507}.Debug|x86.Build.0 = Debug|Any CPU
		{DE60A383-BAF4-45CB-9398-D3F466DF8507}.Release|Any CPU.ActiveCfg = Release|Any CPU
		{DE60A383-BAF4-45CB-9398-D3F466DF8507}.Release|Any CPU.Build.0 = Release|Any CPU
		{DE60A383-BAF4-45CB-9398-D3F466DF8507}.Release|x64.ActiveCfg = Release|Any CPU
		{DE60A383-BAF4-45CB-9398-D3F466DF8507}.Release|x64.Build.0 = Release|Any CPU
		{DE60A383-BAF4-45CB-9398-D3F466DF8507}.Release|x86.ActiveCfg = Release|Any CPU
		{DE60A383-BAF4-45CB-9398-D3F466DF8507}.Release|x86.Build.0 = Release|Any CPU
	EndGlobalSection
EndGlobal
